// !$*UTF8*$!
{
	archiveVersion = 1;
	classes = {
	};
	objectVersion = 46;
	objects = {

/* Begin PBXBuildFile section */
		2FE6EC291C92A1ED00004D19 /* AppDelegate.swift in Sources */ = {isa = PBXBuildFile; fileRef = 2FE6EC281C92A1ED00004D19 /* AppDelegate.swift */; };
		2FE6EC2B1C92A1ED00004D19 /* ViewController.swift in Sources */ = {isa = PBXBuildFile; fileRef = 2FE6EC2A1C92A1ED00004D19 /* ViewController.swift */; };
		2FE6EC2E1C92A1ED00004D19 /* Main.storyboard in Resources */ = {isa = PBXBuildFile; fileRef = 2FE6EC2C1C92A1ED00004D19 /* Main.storyboard */; };
		2FE6EC301C92A1ED00004D19 /* Assets.xcassets in Resources */ = {isa = PBXBuildFile; fileRef = 2FE6EC2F1C92A1ED00004D19 /* Assets.xcassets */; };
		2FE6EC331C92A1ED00004D19 /* LaunchScreen.storyboard in Resources */ = {isa = PBXBuildFile; fileRef = 2FE6EC311C92A1ED00004D19 /* LaunchScreen.storyboard */; };
		2FE6EC3E1C92A1ED00004D19 /* XHAdScrollViewTests.swift in Sources */ = {isa = PBXBuildFile; fileRef = 2FE6EC3D1C92A1ED00004D19 /* XHAdScrollViewTests.swift */; };
		2FE6EC4F1C92A22600004D19 /* 2.jpg in Resources */ = {isa = PBXBuildFile; fileRef = 2FE6EC4A1C92A22600004D19 /* 2.jpg */; };
		2FE6EC501C92A22600004D19 /* 3.jpg in Resources */ = {isa = PBXBuildFile; fileRef = 2FE6EC4B1C92A22600004D19 /* 3.jpg */; };
		2FE6EC511C92A22600004D19 /* 4.jpg in Resources */ = {isa = PBXBuildFile; fileRef = 2FE6EC4C1C92A22600004D19 /* 4.jpg */; };
		2FE6EC541C92A28B00004D19 /* XHAdLoopView.swift in Sources */ = {isa = PBXBuildFile; fileRef = 2FE6EC531C92A28B00004D19 /* XHAdLoopView.swift */; };
/* End PBXBuildFile section */

/* Begin PBXContainerItemProxy section */
		2FE6EC3A1C92A1ED00004D19 /* PBXContainerItemProxy */ = {
			isa = PBXContainerItemProxy;
			containerPortal = 2FE6EC1D1C92A1ED00004D19 /* Project object */;
			proxyType = 1;
			remoteGlobalIDString = 2FE6EC241C92A1ED00004D19;
			remoteInfo = XHAdScrollView;
		};
/* End PBXContainerItemProxy section */

/* Begin PBXFileReference section */
		2FE6EC251C92A1ED00004D19 /* XHAdScrollView.app */ = {isa = PBXFileReference; explicitFileType = wrapper.application; includeInIndex = 0; path = XHAdScrollView.app; sourceTree = BUILT_PRODUCTS_DIR; };
		2FE6EC281C92A1ED00004D19 /* AppDelegate.swift */ = {isa = PBXFileReference; lastKnownFileType = sourcecode.swift; path = AppDelegate.swift; sourceTree = "<group>"; };
		2FE6EC2A1C92A1ED00004D19 /* ViewController.swift */ = {isa = PBXFileReference; lastKnownFileType = sourcecode.swift; path = ViewController.swift; sourceTree = "<group>"; };
		2FE6EC2D1C92A1ED00004D19 /* Base */ = {isa = PBXFileReference; lastKnownFileType = file.storyboard; name = Base; path = Base.lproj/Main.storyboard; sourceTree = "<group>"; };
		2FE6EC2F1C92A1ED00004D19 /* Assets.xcassets */ = {isa = PBXFileReference; lastKnownFileType = folder.assetcatalog; path = Assets.xcassets; sourceTree = "<group>"; };
		2FE6EC321C92A1ED00004D19 /* Base */ = {isa = PBXFileReference; lastKnownFileType = file.storyboard; name = Base; path = Base.lproj/LaunchScreen.storyboard; sourceTree = "<group>"; };
		2FE6EC341C92A1ED00004D19 /* Info.plist */ = {isa = PBXFileReference; lastKnownFileType = text.plist.xml; path = Info.plist; sourceTree = "<group>"; };
		2FE6EC391C92A1ED00004D19 /* XHAdScrollViewTests.xctest */ = {isa = PBXFileReference; explicitFileType = wrapper.cfbundle; includeInIndex = 0; path = XHAdScrollViewTests.xctest; sourceTree = BUILT_PRODUCTS_DIR; };
		2FE6EC3D1C92A1ED00004D19 /* XHAdScrollViewTests.swift */ = {isa = PBXFileReference; lastKnownFileType = sourcecode.swift; path = XHAdScrollViewTests.swift; sourceTree = "<group>"; };
		2FE6EC3F1C92A1ED00004D19 /* Info.plist */ = {isa = PBXFileReference; lastKnownFileType = text.plist.xml; path = Info.plist; sourceTree = "<group>"; };
		2FE6EC4A1C92A22600004D19 /* 2.jpg */ = {isa = PBXFileReference; lastKnownFileType = image.jpeg; path = 2.jpg; sourceTree = "<group>"; };
		2FE6EC4B1C92A22600004D19 /* 3.jpg */ = {isa = PBXFileReference; lastKnownFileType = image.jpeg; path = 3.jpg; sourceTree = "<group>"; };
		2FE6EC4C1C92A22600004D19 /* 4.jpg */ = {isa = PBXFileReference; lastKnownFileType = image.jpeg; path = 4.jpg; sourceTree = "<group>"; };
		2FE6EC531C92A28B00004D19 /* XHAdLoopView.swift */ = {isa = PBXFileReference; fileEncoding = 4; lastKnownFileType = sourcecode.swift; path = XHAdLoopView.swift; sourceTree = "<group>"; };
/* End PBXFileReference section */

/* Begin PBXFrameworksBuildPhase section */
		2FE6EC221C92A1ED00004D19 /* Frameworks */ = {
			isa = PBXFrameworksBuildPhase;
			buildActionMask = 2147483647;
			files = (
			);
			runOnlyForDeploymentPostprocessing = 0;
		};
		2FE6EC361C92A1ED00004D19 /* Frameworks */ = {
			isa = PBXFrameworksBuildPhase;
			buildActionMask = 2147483647;
			files = (
			);
			runOnlyForDeploymentPostprocessing = 0;
		};
/* End PBXFrameworksBuildPhase section */

/* Begin PBXGroup section */
		2FE6EC1C1C92A1ED00004D19 = {
			isa = PBXGroup;
			children = (
				2FE6EC271C92A1ED00004D19 /* XHAdScrollView */,
				2FE6EC3C1C92A1ED00004D19 /* XHAdScrollViewTests */,
				2FE6EC261C92A1ED00004D19 /* Products */,
			);
			sourceTree = "<group>";
		};
		2FE6EC261C92A1ED00004D19 /* Products */ = {
			isa = PBXGroup;
			children = (
				2FE6EC251C92A1ED00004D19 /* XHAdScrollView.app */,
				2FE6EC391C92A1ED00004D19 /* XHAdScrollViewTests.xctest */,
			);
			name = Products;
			sourceTree = "<group>";
		};
		2FE6EC271C92A1ED00004D19 /* XHAdScrollView */ = {
			isa = PBXGroup;
			children = (
				2FE6EC481C92A1FD00004D19 /* 图片 */,
				2FE6EC281C92A1ED00004D19 /* AppDelegate.swift */,
				2FE6EC2A1C92A1ED00004D19 /* ViewController.swift */,
				2FE6EC2C1C92A1ED00004D19 /* Main.storyboard */,
				2FE6EC2F1C92A1ED00004D19 /* Assets.xcassets */,
				2FE6EC311C92A1ED00004D19 /* LaunchScreen.storyboard */,
				2FE6EC341C92A1ED00004D19 /* Info.plist */,
				2FE6EC531C92A28B00004D19 /* XHAdLoopView.swift */,
			);
			path = XHAdScrollView;
			sourceTree = "<group>";
		};
		2FE6EC3C1C92A1ED00004D19 /* XHAdScrollViewTests */ = {
			isa = PBXGroup;
			children = (
				2FE6EC3D1C92A1ED00004D19 /* XHAdScrollViewTests.swift */,
				2FE6EC3F1C92A1ED00004D19 /* Info.plist */,
			);
			path = XHAdScrollViewTests;
			sourceTree = "<group>";
		};
		2FE6EC481C92A1FD00004D19 /* 图片 */ = {
			isa = PBXGroup;
			children = (
				2FE6EC4A1C92A22600004D19 /* 2.jpg */,
				2FE6EC4B1C92A22600004D19 /* 3.jpg */,
				2FE6EC4C1C92A22600004D19 /* 4.jpg */,
			);
			name = "图片";
			sourceTree = "<group>";
		};
/* End PBXGroup section */

/* Begin PBXNativeTarget section */
		2FE6EC241C92A1ED00004D19 /* XHAdScrollView */ = {
			isa = PBXNativeTarget;
			buildConfigurationList = 2FE6EC421C92A1ED00004D19 /* Build configuration list for PBXNativeTarget "XHAdScrollView" */;
			buildPhases = (
				2FE6EC211C92A1ED00004D19 /* Sources */,
				2FE6EC221C92A1ED00004D19 /* Frameworks */,
				2FE6EC231C92A1ED00004D19 /* Resources */,
			);
			buildRules = (
			);
			dependencies = (
			);
			name = XHAdScrollView;
			productName = XHAdScrollView;
			productReference = 2FE6EC251C92A1ED00004D19 /* XHAdScrollView.app */;
			productType = "com.apple.product-type.application";
		};
		2FE6EC381C92A1ED00004D19 /* XHAdScrollViewTests */ = {
			isa = PBXNativeTarget;
			buildConfigurationList = 2FE6EC451C92A1ED00004D19 /* Build configuration list for PBXNativeTarget "XHAdScrollViewTests" */;
			buildPhases = (
				2FE6EC351C92A1ED00004D19 /* Sources */,
				2FE6EC361C92A1ED00004D19 /* Frameworks */,
				2FE6EC371C92A1ED00004D19 /* Resources */,
			);
			buildRules = (
			);
			dependencies = (
				2FE6EC3B1C92A1ED00004D19 /* PBXTargetDependency */,
			);
			name = XHAdScrollViewTests;
			productName = XHAdScrollViewTests;
			productReference = 2FE6EC391C92A1ED00004D19 /* XHAdScrollViewTests.xctest */;
			productType = "com.apple.product-type.bundle.unit-test";
		};
/* End PBXNativeTarget section */

/* Begin PBXProject section */
		2FE6EC1D1C92A1ED00004D19 /* Project object */ = {
			isa = PBXProject;
			attributes = {
				LastSwiftUpdateCheck = 0720;
				LastUpgradeCheck = 0720;
				ORGANIZATIONNAME = jxh;
				TargetAttributes = {
					2FE6EC241C92A1ED00004D19 = {
						CreatedOnToolsVersion = 7.2;
					};
					2FE6EC381C92A1ED00004D19 = {
						CreatedOnToolsVersion = 7.2;
						TestTargetID = 2FE6EC241C92A1ED00004D19;
					};
				};
			};
			buildConfigurationList = 2FE6EC201C92A1ED00004D19 /* Build configuration list for PBXProject "XHAdScrollView" */;
			compatibilityVersion = "Xcode 3.2";
			developmentRegion = English;
			hasScannedForEncodings = 0;
			knownRegions = (
				en,
				Base,
			);
			mainGroup = 2FE6EC1C1C92A1ED00004D19;
			productRefGroup = 2FE6EC261C92A1ED00004D19 /* Products */;
			projectDirPath = "";
			projectRoot = "";
			targets = (
				2FE6EC241C92A1ED00004D19 /* XHAdScrollView */,
				2FE6EC381C92A1ED00004D19 /* XHAdScrollViewTests */,
			);
		};
/* End PBXProject section */

/* Begin PBXResourcesBuildPhase section */
		2FE6EC231C92A1ED00004D19 /* Resources */ = {
			isa = PBXResourcesBuildPhase;
			buildActionMask = 2147483647;
			files = (
				2FE6EC331C92A1ED00004D19 /* LaunchScreen.storyboard in Resources */,
				2FE6EC511C92A22600004D19 /* 4.jpg in Resources */,
				2FE6EC4F1C92A22600004D19 /* 2.jpg in Resources */,
				2FE6EC501C92A22600004D19 /* 3.jpg in Resources */,
				2FE6EC301C92A1ED00004D19 /* Assets.xcassets in Resources */,
				2FE6EC2E1C92A1ED00004D19 /* Main.storyboard in Resources */,
			);
			runOnlyForDeploymentPostprocessing = 0;
		};
		2FE6EC371C92A1ED00004D19 /* Resources */ = {
			isa = PBXResourcesBuildPhase;
			buildActionMask = 2147483647;
			files = (
			);
			runOnlyForDeploymentPostprocessing = 0;
		};
/* End PBXResourcesBuildPhase section */

/* Begin PBXSourcesBuildPhase section */
		2FE6EC211C92A1ED00004D19 /* Sources */ = {
			isa = PBXSourcesBuildPhase;
			buildActionMask = 2147483647;
			files = (
				2FE6EC2B1C92A1ED00004D19 /* ViewController.swift in Sources */,
				2FE6EC291C92A1ED00004D19 /* AppDelegate.swift in Sources */,
				2FE6EC541C92A28B00004D19 /* XHAdLoopView.swift in Sources */,
			);
			runOnlyForDeploymentPostprocessing = 0;
		};
		2FE6EC351C92A1ED00004D19 /* Sources */ = {
			isa = PBXSourcesBuildPhase;
			buildActionMask = 2147483647;
			files = (
				2FE6EC3E1C92A1ED00004D19 /* XHAdScrollViewTests.swift in Sources */,
			);
			runOnlyForDeploymentPostprocessing = 0;
		};
/* End PBXSourcesBuildPhase section */

/* Begin PBXTargetDependency section */
		2FE6EC3B1C92A1ED00004D19 /* PBXTargetDependency */ = {
			isa = PBXTargetDependency;
			target = 2FE6EC241C92A1ED00004D19 /* XHAdScrollView */;
			targetProxy = 2FE6EC3A1C92A1ED00004D19 /* PBXContainerItemProxy */;
		};
/* End PBXTargetDependency section */

/* Begin PBXVariantGroup section */
		2FE6EC2C1C92A1ED00004D19 /* Main.storyboard */ = {
			isa = PBXVariantGroup;
			children = (
				2FE6EC2D1C92A1ED00004D19 /* Base */,
			);
			name = Main.storyboard;
			sourceTree = "<group>";
		};
		2FE6EC311C92A1ED00004D19 /* LaunchScreen.storyboard */ = {
			isa = PBXVariantGroup;
			children = (
				2FE6EC321C92A1ED00004D19 /* Base */,
			);
			name = LaunchScreen.storyboard;
			sourceTree = "<group>";
		};
/* End PBXVariantGroup section */

/* Begin XCBuildConfiguration section */
		2FE6EC401C92A1ED00004D19 /* Debug */ = {
			isa = XCBuildConfiguration;
			buildSettings = {
				ALWAYS_SEARCH_USER_PATHS = NO;
				CLANG_CXX_LANGUAGE_STANDARD = "gnu++0x";
				CLANG_CXX_LIBRARY = "libc++";
				CLANG_ENABLE_MODULES = YES;
				CLANG_ENABLE_OBJC_ARC = YES;
				CLANG_WARN_BOOL_CONVERSION = YES;
				CLANG_WARN_CONSTANT_CONVERSION = YES;
				CLANG_WARN_DIRECT_OBJC_ISA_USAGE = YES_ERROR;
				CLANG_WARN_EMPTY_BODY = YES;
				CLANG_WARN_ENUM_CONVERSION = YES;
				CLANG_WARN_INT_CONVERSION = YES;
				CLANG_WARN_OBJC_ROOT_CLASS = YES_ERROR;
				CLANG_WARN_UNREACHABLE_CODE = YES;
				CLANG_WARN__DUPLICATE_METHOD_MATCH = YES;
				"CODE_SIGN_IDENTITY[sdk=iphoneos*]" = "iPhone Developer";
				COPY_PHASE_STRIP = NO;
				DEBUG_INFORMATION_FORMAT = dwarf;
				ENABLE_STRICT_OBJC_MSGSEND = YES;
				ENABLE_TESTABILITY = YES;
				GCC_C_LANGUAGE_STANDARD = gnu99;
				GCC_DYNAMIC_NO_PIC = NO;
				GCC_NO_COMMON_BLOCKS = YES;
				GCC_OPTIMIZATION_LEVEL = 0;
				GCC_PREPROCESSOR_DEFINITIONS = (
					"DEBUG=1",
					"$(inherited)",
				);
				GCC_WARN_64_TO_32_BIT_CONVERSION = YES;
				GCC_WARN_ABOUT_RETURN_TYPE = YES_ERROR;
				GCC_WARN_UNDECLARED_SELECTOR = YES;
				GCC_WARN_UNINITIALIZED_AUTOS = YES_AGGRESSIVE;
				GCC_WARN_UNUSED_FUNCTION = YES;
				GCC_WARN_UNUSED_VARIABLE = YES;
				IPHONEOS_DEPLOYMENT_TARGET = 9.2;
				MTL_ENABLE_DEBUG_INFO = YES;
				ONLY_ACTIVE_ARCH = YES;
				SDKROOT = iphoneos;
				SWIFT_OPTIMIZATION_LEVEL = "-Onone";
				TARGETED_DEVICE_FAMILY = "1,2";
			};
			name = Debug;
		};
		2FE6EC411C92A1ED00004D19 /* Release */ = {
			isa = XCBuildConfiguration;
			buildSettings = {
				ALWAYS_SEARCH_USER_PATHS = NO;
				CLANG_CXX_LANGUAGE_STANDARD = "gnu++0x";
				CLANG_CXX_LIBRARY = "libc++";
				CLANG_ENABLE_MODULES = YES;
				CLANG_ENABLE_OBJC_ARC = YES;
				CLANG_WARN_BOOL_CONVERSION = YES;
				CLANG_WARN_CONSTANT_CONVERSION = YES;
				CLANG_WARN_DIRECT_OBJC_ISA_USAGE = YES_ERROR;
				CLANG_WARN_EMPTY_BODY = YES;
				CLANG_WARN_ENUM_CONVERSION = YES;
				CLANG_WARN_INT_CONVERSION = YES;
				CLANG_WARN_OBJC_ROOT_CLASS = YES_ERROR;
				CLANG_WARN_UNREACHABLE_CODE = YES;
				CLANG_WARN__DUPLICATE_METHOD_MATCH = YES;
				"CODE_SIGN_IDENTITY[sdk=iphoneos*]" = "iPhone Developer";
				COPY_PHASE_STRIP = NO;
				DEBUG_INFORMATION_FORMAT = "dwarf-with-dsym";
				ENABLE_NS_ASSERTIONS = NO;
				ENABLE_STRICT_OBJC_MSGSEND = YES;
				GCC_C_LANGUAGE_STANDARD = gnu99;
				GCC_NO_COMMON_BLOCKS = YES;
				GCC_WARN_64_TO_32_BIT_CONVERSION = YES;
				GCC_WARN_ABOUT_RETURN_TYPE = YES_ERROR;
				GCC_WARN_UNDECLARED_SELECTOR = YES;
				GCC_WARN_UNINITIALIZED_AUTOS = YES_AGGRESSIVE;
				GCC_WARN_UNUSED_FUNCTION = YES;
				GCC_WARN_UNUSED_VARIABLE = YES;
				IPHONEOS_DEPLOYMENT_TARGET = 9.2;
				MTL_ENABLE_DEBUG_INFO = NO;
				SDKROOT = iphoneos;
				TARGETED_DEVICE_FAMILY = "1,2";
				VALIDATE_PRODUCT = YES;
			};
			name = Release;
		};
		2FE6EC431C92A1ED00004D19 /* Debug */ = {
			isa = XCBuildConfiguration;
			buildSettings = {
				ASSETCATALOG_COMPILER_APPICON_NAME = AppIcon;
				INFOPLIST_FILE = XHAdScrollView/Info.plist;
				IPHONEOS_DEPLOYMENT_TARGET = 9.2;
				LD_RUNPATH_SEARCH_PATHS = "$(inherited) @executable_path/Frameworks";
				PRODUCT_BUNDLE_IDENTIFIER = com.huahua.XHAdScrollView;
				PRODUCT_NAME = "$(TARGET_NAME)";
			};
			name = Debug;
		};
		2FE6EC441C92A1ED00004D19 /* Release */ = {
			isa = XCBuildConfiguration;
			buildSettings = {
				ASSETCATALOG_COMPILER_APPICON_NAME = AppIcon;
				INFOPLIST_FILE = XHAdScrollView/Info.plist;
				IPHONEOS_DEPLOYMENT_TARGET = 9.2;
				LD_RUNPATH_SEARCH_PATHS = "$(inherited) @executable_path/Frameworks";
				PRODUCT_BUNDLE_IDENTIFIER = com.huahua.XHAdScrollView;
				PRODUCT_NAME = "$(TARGET_NAME)";
			};
			name = Release;
		};
		2FE6EC461C92A1ED00004D19 /* Debug */ = {
			isa = XCBuildConfiguration;
			buildSettings = {
				BUNDLE_LOADER = "$(TEST_HOST)";
				INFOPLIST_FILE = XHAdScrollViewTests/Info.plist;
				LD_RUNPATH_SEARCH_PATHS = "$(inherited) @executable_path/Frameworks @loader_path/Frameworks";
				PRODUCT_BUNDLE_IDENTIFIER = com.huahua.XHAdScrollViewTests;
				PRODUCT_NAME = "$(TARGET_NAME)";
				TEST_HOST = "$(BUILT_PRODUCTS_DIR)/XHAdScrollView.app/XHAdScrollView";
			};
			name = Debug;
		};
		2FE6EC471C92A1ED00004D19 /* Release */ = {
			isa = XCBuildConfiguration;
			buildSettings = {
				BUNDLE_LOADER = "$(TEST_HOST)";
				INFOPLIST_FILE = XHAdScrollViewTests/Info.plist;
				LD_RUNPATH_SEARCH_PATHS = "$(inherited) @executable_path/Frameworks @loader_path/Frameworks";
				PRODUCT_BUNDLE_IDENTIFIER = com.huahua.XHAdScrollViewTests;
				PRODUCT_NAME = "$(TARGET_NAME)";
				TEST_HOST = "$(BUILT_PRODUCTS_DIR)/XHAdScrollView.app/XHAdScrollView";
			};
			name = Release;
		};
/* End XCBuildConfiguration section */

/* Begin XCConfigurationList section */
		2FE6EC201C92A1ED00004D19 /* Build configuration list for PBXProject "XHAdScrollView" */ = {
			isa = XCConfigurationList;
			buildConfigurations = (
				2FE6EC401C92A1ED00004D19 /* Debug */,
				2FE6EC411C92A1ED00004D19 /* Release */,
			);
			defaultConfigurationIsVisible = 0;
			defaultConfigurationName = Release;
		};
		2FE6EC421C92A1ED00004D19 /* Build configuration list for PBXNativeTarget "XHAdScrollView" */ = {
			isa = XCConfigurationList;
			buildConfigurations = (
				2FE6EC431C92A1ED00004D19 /* Debug */,
				2FE6EC441C92A1ED00004D19 /* Release */,
			);
			defaultConfigurationIsVisible = 0;
			defaultConfigurationName = Release;
		};
		2FE6EC451C92A1ED00004D19 /* Build configuration list for PBXNativeTarget "XHAdScrollViewTests" */ = {
			isa = XCConfigurationList;
			buildConfigurations = (
				2FE6EC461C92A1ED00004D19 /* Debug */,
				2FE6EC471C92A1ED00004D19 /* Release */,
			);
			defaultConfigurationIsVisible = 0;
			defaultConfigurationName = Release;
		};
/* End XCConfigurationList section */
	};
	rootObject = 2FE6EC1D1C92A1ED00004D19 /* Project object */;
}
